
Microsoft Visual Studio Solution File, Format Version 12.00
# Visual Studio Version 16
VisualStudioVersion = 16.0.29709.97
MinimumVisualStudioVersion = 10.0.40219.1
Project("{FAE04EC0-301F-11D3-BF4B-00C04F79EFBC}") = "Array7", "Array7\Array7.csproj", "{32074635-E99C-4126-8D2B-70F36BDC1FF1}"
EndProject
Global
	GlobalSection(SolutionConfigurationPlatforms) = preSolution
		Debug|Any CPU = Debug|Any CPU
		Release|Any CPU = Release|Any CPU
	EndGlobalSection
	GlobalSection(ProjectConfigurationPlatforms) = postSolution
		{32074635-E99C-4126-8D2B-70F36BDC1FF1}.Debug|Any CPU.ActiveCfg = Debug|Any CPU
		{32074635-E99C-4126-8D2B-70F36BDC1FF1}.Debug|Any CPU.Build.0 = Debug|Any CPU
		{32074635-E99C-4126-8D2B-70F36BDC1FF1}.Release|Any CPU.ActiveCfg = Release|Any CPU
		{32074635-E99C-4126-8D2B-70F36BDC1FF1}.Release|Any CPU.Build.0 = Release|Any CPU
	EndGlobalSection
	GlobalSection(SolutionProperties) = preSolution
		HideSolutionNode = FALSE
	EndGlobalSection
	GlobalSection(ExtensibilityGlobals) = postSolution
		SolutionGuid = {8EAD1A3E-E816-4249-B685-151515B6EDE6}
	EndGlobalSection
EndGlobal
